
Microsoft Visual Studio Solution File, Format Version 12.00
# Visual Studio Version 16
VisualStudioVersion = 16.0.30621.155
MinimumVisualStudioVersion = 10.0.40219.1
Project("{FAE04EC0-301F-11D3-BF4B-00C04F79EFBC}") = "voice-command-audio", "voice-command\voice-command-audio.csproj", "{BBB5D909-5879-4CDC-A0C6-E1096B1CEEFC}"
EndProject
Project("{2150E333-8FDC-42A3-9474-1A3956D46DE8}") = "voice-command-development", "voice-command-development", "{6CE47274-6CA9-4AC1-878B-BDD7F46408A3}"
EndProject
Project("{FAE04EC0-301F-11D3-BF4B-00C04F79EFBC}") = "voice-text-processing-speechLib", "voice-text-processing-speechLib\voice-text-processing-speechLib.csproj", "{370D94EF-4F12-47E7-8E6C-FB32C68E24FB}"
EndProject
Project("{FAE04EC0-301F-11D3-BF4B-00C04F79EFBC}") = "siri-simulation", "siri-simulation\siri-simulation.csproj", "{2CC27E29-C54C-45B8-8AAC-AB97EB730CC3}"
EndProject
Project("{2150E333-8FDC-42A3-9474-1A3956D46DE8}") = "machine-learning", "machine-learning", "{C376DC94-F3C0-4CE4-A35B-43E66A0BE9E7}"
EndProject
Project("{FAE04EC0-301F-11D3-BF4B-00C04F79EFBC}") = "machine-learning-alturos-yolo", "machine-learning-alturos-yolo\machine-learning-alturos-yolo.csproj", "{CB175495-668F-4DC2-80EC-499C857D171D}"
EndProject
Project("{2150E333-8FDC-42A3-9474-1A3956D46DE8}") = "image-processing", "image-processing", "{74614A87-9C68-4885-A8F7-8C494DD4693D}"
EndProject
Project("{FAE04EC0-301F-11D3-BF4B-00C04F79EFBC}") = "webcam-control", "webcam-control\webcam-control.csproj", "{BEDB6F55-88C2-4B15-B469-4AC5FA1EC9EA}"
EndProject
Project("{FAE04EC0-301F-11D3-BF4B-00C04F79EFBC}") = "scanning-QRcode-webcam", "scanning-QRcode-webcam\scanning-QRcode-webcam.csproj", "{CA557254-1CFD-466D-A9EA-44D661135850}"
EndProject
Global
	GlobalSection(SolutionConfigurationPlatforms) = preSolution
		Debug|Any CPU = Debug|Any CPU
		Release|Any CPU = Release|Any CPU
	EndGlobalSection
	GlobalSection(ProjectConfigurationPlatforms) = postSolution
		{BBB5D909-5879-4CDC-A0C6-E1096B1CEEFC}.Debug|Any CPU.ActiveCfg = Debug|Any CPU
		{BBB5D909-5879-4CDC-A0C6-E1096B1CEEFC}.Debug|Any CPU.Build.0 = Debug|Any CPU
		{BBB5D909-5879-4CDC-A0C6-E1096B1CEEFC}.Release|Any CPU.ActiveCfg = Release|Any CPU
		{BBB5D909-5879-4CDC-A0C6-E1096B1CEEFC}.Release|Any CPU.Build.0 = Release|Any CPU
		{370D94EF-4F12-47E7-8E6C-FB32C68E24FB}.Debug|Any CPU.ActiveCfg = Debug|Any CPU
		{370D94EF-4F12-47E7-8E6C-FB32C68E24FB}.Debug|Any CPU.Build.0 = Debug|Any CPU
		{370D94EF-4F12-47E7-8E6C-FB32C68E24FB}.Release|Any CPU.ActiveCfg = Release|Any CPU
		{370D94EF-4F12-47E7-8E6C-FB32C68E24FB}.Release|Any CPU.Build.0 = Release|Any CPU
		{2CC27E29-C54C-45B8-8AAC-AB97EB730CC3}.Debug|Any CPU.ActiveCfg = Debug|Any CPU
		{2CC27E29-C54C-45B8-8AAC-AB97EB730CC3}.Debug|Any CPU.Build.0 = Debug|Any CPU
		{2CC27E29-C54C-45B8-8AAC-AB97EB730CC3}.Release|Any CPU.ActiveCfg = Release|Any CPU
		{2CC27E29-C54C-45B8-8AAC-AB97EB730CC3}.Release|Any CPU.Build.0 = Release|Any CPU
		{CB175495-668F-4DC2-80EC-499C857D171D}.Debug|Any CPU.ActiveCfg = Debug|Any CPU
		{CB175495-668F-4DC2-80EC-499C857D171D}.Debug|Any CPU.Build.0 = Debug|Any CPU
		{CB175495-668F-4DC2-80EC-499C857D171D}.Release|Any CPU.ActiveCfg = Release|Any CPU
		{CB175495-668F-4DC2-80EC-499C857D171D}.Release|Any CPU.Build.0 = Release|Any CPU
		{BEDB6F55-88C2-4B15-B469-4AC5FA1EC9EA}.Debug|Any CPU.ActiveCfg = Debug|Any CPU
		{BEDB6F55-88C2-4B15-B469-4AC5FA1EC9EA}.Debug|Any CPU.Build.0 = Debug|Any CPU
		{BEDB6F55-88C2-4B15-B469-4AC5FA1EC9EA}.Release|Any CPU.ActiveCfg = Release|Any CPU
		{BEDB6F55-88C2-4B15-B469-4AC5FA1EC9EA}.Release|Any CPU.Build.0 = Release|Any CPU
		{CA557254-1CFD-466D-A9EA-44D661135850}.Debug|Any CPU.ActiveCfg = Debug|Any CPU
		{CA557254-1CFD-466D-A9EA-44D661135850}.Debug|Any CPU.Build.0 = Debug|Any CPU
		{CA557254-1CFD-466D-A9EA-44D661135850}.Release|Any CPU.ActiveCfg = Release|Any CPU
		{CA557254-1CFD-466D-A9EA-44D661135850}.Release|Any CPU.Build.0 = Release|Any CPU
	EndGlobalSection
	GlobalSection(SolutionProperties) = preSolution
		HideSolutionNode = FALSE
	EndGlobalSection
	GlobalSection(NestedProjects) = preSolution
		{BBB5D909-5879-4CDC-A0C6-E1096B1CEEFC} = {6CE47274-6CA9-4AC1-878B-BDD7F46408A3}
		{370D94EF-4F12-47E7-8E6C-FB32C68E24FB} = {6CE47274-6CA9-4AC1-878B-BDD7F46408A3}
		{2CC27E29-C54C-45B8-8AAC-AB97EB730CC3} = {6CE47274-6CA9-4AC1-878B-BDD7F46408A3}
		{CB175495-668F-4DC2-80EC-499C857D171D} = {C376DC94-F3C0-4CE4-A35B-43E66A0BE9E7}
		{BEDB6F55-88C2-4B15-B469-4AC5FA1EC9EA} = {74614A87-9C68-4885-A8F7-8C494DD4693D}
		{CA557254-1CFD-466D-A9EA-44D661135850} = {74614A87-9C68-4885-A8F7-8C494DD4693D}
	EndGlobalSection
	GlobalSection(ExtensibilityGlobals) = postSolution
		SolutionGuid = {C3647003-CA82-4DC8-AB7E-8583AD9339CF}
	EndGlobalSection
EndGlobal
